// !$*UTF8*$!
{
	archiveVersion = 1;
	classes = {
	};
	objectVersion = 46;
	objects = {

/* Begin PBXBuildFile section */
		F0C572441F1CBCE100B6BFA2 /* commpage-routine.c in Sources */ = {isa = PBXBuildFile; fileRef = F0C572431F1CBCE100B6BFA2 /* commpage-routine.c */; };
/* End PBXBuildFile section */

/* Begin PBXCopyFilesBuildPhase section */
		F0C5722D1F1CBBF100B6BFA2 /* CopyFiles */ = {
			isa = PBXCopyFilesBuildPhase;
			buildActionMask = 2147483647;
			dstPath = /usr/share/man/man1/;
			dstSubfolderSpec = 0;
			files = (
			);
			runOnlyForDeploymentPostprocessing = 1;
		};
/* End PBXCopyFilesBuildPhase section */

/* Begin PBXFileReference section */
		14216E3E1F1CBE9F00863B78 /* commpage-routine */ = {isa = PBXFileReference; explicitFileType = "compiled.mach-o.executable"; includeInIndex = 0; name = "commpage-routine"; path = "/Users/adfontes/Desktop/Sortieren/Mach-O/commpage-routine/build/Debug/commpage-routine"; sourceTree = "<absolute>"; };
		F0C572431F1CBCE100B6BFA2 /* commpage-routine.c */ = {isa = PBXFileReference; fileEncoding = 4; lastKnownFileType = sourcecode.c.c; path = "commpage-routine.c"; sourceTree = "<group>"; };
		F0C572461F1CBCE800B6BFA2 /* commpage.c.patch */ = {isa = PBXFileReference; lastKnownFileType = text; path = commpage.c.patch; sourceTree = "<group>"; };
		F0C572471F1CBCE800B6BFA2 /* commpage_asm.s.patch */ = {isa = PBXFileReference; lastKnownFileType = text; path = commpage_asm.s.patch; sourceTree = "<group>"; };
		F0C572481F1CBCE800B6BFA2 /* cpu_capabilities.h.patch */ = {isa = PBXFileReference; lastKnownFileType = text; path = cpu_capabilities.h.patch; sourceTree = "<group>"; };
		F0C572491F1CBCE800B6BFA2 /* files.x86_64.patch */ = {isa = PBXFileReference; lastKnownFileType = text; path = files.x86_64.patch; sourceTree = "<group>"; };
		F0C5724B1F1CBCE800B6BFA2 /* hello_commpage.s */ = {isa = PBXFileReference; lastKnownFileType = sourcecode.asm; path = hello_commpage.s; sourceTree = "<group>"; };
/* End PBXFileReference section */

/* Begin PBXFrameworksBuildPhase section */
		F0C5722C1F1CBBF100B6BFA2 /* Frameworks */ = {
			isa = PBXFrameworksBuildPhase;
			buildActionMask = 2147483647;
			files = (
			);
			runOnlyForDeploymentPostprocessing = 0;
		};
/* End PBXFrameworksBuildPhase section */

/* Begin PBXGroup section */
		F0C572261F1CBBF100B6BFA2 = {
			isa = PBXGroup;
			children = (
				F0C572421F1CBCE100B6BFA2 /* commpage-routine */,
				F0C572451F1CBCE800B6BFA2 /* patches */,
				F0C5724A1F1CBCE800B6BFA2 /* routine */,
			);
			sourceTree = "<group>";
		};
		F0C572421F1CBCE100B6BFA2 /* commpage-routine */ = {
			isa = PBXGroup;
			children = (
				F0C572431F1CBCE100B6BFA2 /* commpage-routine.c */,
			);
			path = "commpage-routine";
			sourceTree = "<group>";
		};
		F0C572451F1CBCE800B6BFA2 /* patches */ = {
			isa = PBXGroup;
			children = (
				F0C572461F1CBCE800B6BFA2 /* commpage.c.patch */,
				F0C572471F1CBCE800B6BFA2 /* commpage_asm.s.patch */,
				F0C572481F1CBCE800B6BFA2 /* cpu_capabilities.h.patch */,
				F0C572491F1CBCE800B6BFA2 /* files.x86_64.patch */,
			);
			path = patches;
			sourceTree = SOURCE_ROOT;
		};
		F0C5724A1F1CBCE800B6BFA2 /* routine */ = {
			isa = PBXGroup;
			children = (
				F0C5724B1F1CBCE800B6BFA2 /* hello_commpage.s */,
			);
			path = routine;
			sourceTree = SOURCE_ROOT;
		};
/* End PBXGroup section */

/* Begin PBXNativeTarget section */
		F0C5722E1F1CBBF100B6BFA2 /* commpage-routine */ = {
			isa = PBXNativeTarget;
			buildConfigurationList = F0C572361F1CBBF100B6BFA2 /* Build configuration list for PBXNativeTarget "commpage-routine" */;
			buildPhases = (
				F0C5722B1F1CBBF100B6BFA2 /* Sources */,
				F0C5722C1F1CBBF100B6BFA2 /* Frameworks */,
				F0C5722D1F1CBBF100B6BFA2 /* CopyFiles */,
			);
			buildRules = (
			);
			dependencies = (
			);
			name = "commpage-routine";
			productName = "commpage-routine";
			productReference = 14216E3E1F1CBE9F00863B78 /* commpage-routine */;
			productType = "com.apple.product-type.tool";
		};
/* End PBXNativeTarget section */

/* Begin PBXProject section */
		F0C572271F1CBBF100B6BFA2 /* Project object */ = {
			isa = PBXProject;
			attributes = {
				LastUpgradeCheck = 0830;
				ORGANIZATIONNAME = NOP;
				TargetAttributes = {
					F0C5722E1F1CBBF100B6BFA2 = {
						CreatedOnToolsVersion = 8.3.3;
						ProvisioningStyle = Automatic;
					};
				};
			};
			buildConfigurationList = F0C5722A1F1CBBF100B6BFA2 /* Build configuration list for PBXProject "commpage-routine" */;
			compatibilityVersion = "Xcode 3.2";
			developmentRegion = English;
			hasScannedForEncodings = 0;
			knownRegions = (
				en,
			);
			mainGroup = F0C572261F1CBBF100B6BFA2;
			productRefGroup = F0C572261F1CBBF100B6BFA2;
			projectDirPath = "";
			projectRoot = "";
			targets = (
				F0C5722E1F1CBBF100B6BFA2 /* commpage-routine */,
			);
		};
/* End PBXProject section */

/* Begin PBXSourcesBuildPhase section */
		F0C5722B1F1CBBF100B6BFA2 /* Sources */ = {
			isa = PBXSourcesBuildPhase;
			buildActionMask = 2147483647;
			files = (
				F0C572441F1CBCE100B6BFA2 /* commpage-routine.c in Sources */,
			);
			runOnlyForDeploymentPostprocessing = 0;
		};
/* End PBXSourcesBuildPhase section */

/* Begin XCBuildConfiguration section */
		F0C572341F1CBBF100B6BFA2 /* Debug */ = {
			isa = XCBuildConfiguration;
			buildSettings = {
				ALWAYS_SEARCH_USER_PATHS = NO;
				CLANG_ANALYZER_NONNULL = YES;
				CLANG_ANALYZER_NUMBER_OBJECT_CONVERSION = YES_AGGRESSIVE;
				CLANG_CXX_LANGUAGE_STANDARD = "gnu++0x";
				CLANG_CXX_LIBRARY = "libc++";
				CLANG_ENABLE_MODULES = YES;
				CLANG_ENABLE_OBJC_ARC = YES;
				CLANG_WARN_BOOL_CONVERSION = YES;
				CLANG_WARN_CONSTANT_CONVERSION = YES;
				CLANG_WARN_DIRECT_OBJC_ISA_USAGE = YES_ERROR;
				CLANG_WARN_DOCUMENTATION_COMMENTS = YES;
				CLANG_WARN_EMPTY_BODY = YES;
				CLANG_WARN_ENUM_CONVERSION = YES;
				CLANG_WARN_INFINITE_RECURSION = YES;
				CLANG_WARN_INT_CONVERSION = YES;
				CLANG_WARN_OBJC_ROOT_CLASS = YES_ERROR;
				CLANG_WARN_SUSPICIOUS_MOVE = YES;
				CLANG_WARN_UNREACHABLE_CODE = YES;
				CLANG_WARN__DUPLICATE_METHOD_MATCH = YES;
				CODE_SIGN_IDENTITY = "-";
				COPY_PHASE_STRIP = NO;
				DEBUG_INFORMATION_FORMAT = dwarf;
				ENABLE_STRICT_OBJC_MSGSEND = YES;
				ENABLE_TESTABILITY = YES;
				GCC_C_LANGUAGE_STANDARD = gnu99;
				GCC_DYNAMIC_NO_PIC = NO;
				GCC_NO_COMMON_BLOCKS = YES;
				GCC_OPTIMIZATION_LEVEL = 0;
				GCC_PREPROCESSOR_DEFINITIONS = (
					"DEBUG=1",
					"$(inherited)",
				);
				GCC_WARN_64_TO_32_BIT_CONVERSION = YES;
				GCC_WARN_ABOUT_RETURN_TYPE = YES_ERROR;
				GCC_WARN_UNDECLARED_SELECTOR = YES;
				GCC_WARN_UNINITIALIZED_AUTOS = YES_AGGRESSIVE;
				GCC_WARN_UNUSED_FUNCTION = YES;
				GCC_WARN_UNUSED_VARIABLE = YES;
				MACOSX_DEPLOYMENT_TARGET = 10.12;
				MTL_ENABLE_DEBUG_INFO = YES;
				ONLY_ACTIVE_ARCH = YES;
				SDKROOT = macosx;
			};
			name = Debug;
		};
		F0C572351F1CBBF100B6BFA2 /* Release */ = {
			isa = XCBuildConfiguration;
			buildSettings = {
				ALWAYS_SEARCH_USER_PATHS = NO;
				CLANG_ANALYZER_NONNULL = YES;
				CLANG_ANALYZER_NUMBER_OBJECT_CONVERSION = YES_AGGRESSIVE;
				CLANG_CXX_LANGUAGE_STANDARD = "gnu++0x";
				CLANG_CXX_LIBRARY = "libc++";
				CLANG_ENABLE_MODULES = YES;
				CLANG_ENABLE_OBJC_ARC = YES;
				CLANG_WARN_BOOL_CONVERSION = YES;
				CLANG_WARN_CONSTANT_CONVERSION = YES;
				CLANG_WARN_DIRECT_OBJC_ISA_USAGE = YES_ERROR;
				CLANG_WARN_DOCUMENTATION_COMMENTS = YES;
				CLANG_WARN_EMPTY_BODY = YES;
				CLANG_WARN_ENUM_CONVERSION = YES;
				CLANG_WARN_INFINITE_RECURSION = YES;
				CLANG_WARN_INT_CONVERSION = YES;
				CLANG_WARN_OBJC_ROOT_CLASS = YES_ERROR;
				CLANG_WARN_SUSPICIOUS_MOVE = YES;
				CLANG_WARN_UNREACHABLE_CODE = YES;
				CLANG_WARN__DUPLICATE_METHOD_MATCH = YES;
				CODE_SIGN_IDENTITY = "-";
				COPY_PHASE_STRIP = NO;
				DEBUG_INFORMATION_FORMAT = "dwarf-with-dsym";
				ENABLE_NS_ASSERTIONS = NO;
				ENABLE_STRICT_OBJC_MSGSEND = YES;
				GCC_C_LANGUAGE_STANDARD = gnu99;
				GCC_NO_COMMON_BLOCKS = YES;
				GCC_WARN_64_TO_32_BIT_CONVERSION = YES;
				GCC_WARN_ABOUT_RETURN_TYPE = YES_ERROR;
				GCC_WARN_UNDECLARED_SELECTOR = YES;
				GCC_WARN_UNINITIALIZED_AUTOS = YES_AGGRESSIVE;
				GCC_WARN_UNUSED_FUNCTION = YES;
				GCC_WARN_UNUSED_VARIABLE = YES;
				MACOSX_DEPLOYMENT_TARGET = 10.12;
				MTL_ENABLE_DEBUG_INFO = NO;
				SDKROOT = macosx;
			};
			name = Release;
		};
		F0C572371F1CBBF100B6BFA2 /* Debug */ = {
			isa = XCBuildConfiguration;
			buildSettings = {
				PRODUCT_NAME = "$(TARGET_NAME)";
			};
			name = Debug;
		};
		F0C572381F1CBBF100B6BFA2 /* Release */ = {
			isa = XCBuildConfiguration;
			buildSettings = {
				PRODUCT_NAME = "$(TARGET_NAME)";
			};
			name = Release;
		};
/* End XCBuildConfiguration section */

/* Begin XCConfigurationList section */
		F0C5722A1F1CBBF100B6BFA2 /* Build configuration list for PBXProject "commpage-routine" */ = {
			isa = XCConfigurationList;
			buildConfigurations = (
				F0C572341F1CBBF100B6BFA2 /* Debug */,
				F0C572351F1CBBF100B6BFA2 /* Release */,
			);
			defaultConfigurationIsVisible = 0;
			defaultConfigurationName = Release;
		};
		F0C572361F1CBBF100B6BFA2 /* Build configuration list for PBXNativeTarget "commpage-routine" */ = {
			isa = XCConfigurationList;
			buildConfigurations = (
				F0C572371F1CBBF100B6BFA2 /* Debug */,
				F0C572381F1CBBF100B6BFA2 /* Release */,
			);
			defaultConfigurationIsVisible = 0;
			defaultConfigurationName = Release;
		};
/* End XCConfigurationList section */
	};
	rootObject = F0C572271F1CBBF100B6BFA2 /* Project object */;
}
